
Microsoft Visual Studio Solution File, Format Version 12.00
# Visual Studio Version 16
VisualStudioVersion = 16.0.28803.352
MinimumVisualStudioVersion = 10.0.40219.1
Project("{FAE04EC0-301F-11D3-BF4B-00C04F79EFBC}") = "UnitTest", "UnitTest\UnitTest.csproj", "{BA100EDD-FF20-462D-A9B8-F9AB2F28D95D}"
EndProject
Project("{FAE04EC0-301F-11D3-BF4B-00C04F79EFBC}") = "TestNinJa", "TestNinJa\TestNinJa.csproj", "{406AEEA5-D870-4379-B118-86C1F50D5A7F}"
EndProject
Global
	GlobalSection(SolutionConfigurationPlatforms) = preSolution
		Debug|Any CPU = Debug|Any CPU
		Release|Any CPU = Release|Any CPU
	EndGlobalSection
	GlobalSection(ProjectConfigurationPlatforms) = postSolution
		{BA100EDD-FF20-462D-A9B8-F9AB2F28D95D}.Debug|Any CPU.ActiveCfg = Debug|Any CPU
		{BA100EDD-FF20-462D-A9B8-F9AB2F28D95D}.Debug|Any CPU.Build.0 = Debug|Any CPU
		{BA100EDD-FF20-462D-A9B8-F9AB2F28D95D}.Release|Any CPU.ActiveCfg = Release|Any CPU
		{BA100EDD-FF20-462D-A9B8-F9AB2F28D95D}.Release|Any CPU.Build.0 = Release|Any CPU
		{406AEEA5-D870-4379-B118-86C1F50D5A7F}.Debug|Any CPU.ActiveCfg = Debug|Any CPU
		{406AEEA5-D870-4379-B118-86C1F50D5A7F}.Debug|Any CPU.Build.0 = Debug|Any CPU
		{406AEEA5-D870-4379-B118-86C1F50D5A7F}.Release|Any CPU.ActiveCfg = Release|Any CPU
		{406AEEA5-D870-4379-B118-86C1F50D5A7F}.Release|Any CPU.Build.0 = Release|Any CPU
	EndGlobalSection
	GlobalSection(SolutionProperties) = preSolution
		HideSolutionNode = FALSE
	EndGlobalSection
	GlobalSection(ExtensibilityGlobals) = postSolution
		SolutionGuid = {3C7DF87E-B3DE-43CD-820C-C0B1028E6C44}
	EndGlobalSection
EndGlobal
